
Microsoft Visual Studio Solution File, Format Version 12.00
# Visual Studio Version 17
VisualStudioVersion = 17.13.35828.75 d17.13
MinimumVisualStudioVersion = 10.0.40219.1
Project("{FAE04EC0-301F-11D3-BF4B-00C04F79EFBC}") = "Bastet.OfficeAddin", "Bastet.OfficeAddin\Bastet.OfficeAddin.csproj", "{20AF84D2-18C8-4FF3-A3C7-C2DB39DA0301}"
EndProject
Global
	GlobalSection(SolutionConfigurationPlatforms) = preSolution
		Debug|Any CPU = Debug|Any CPU
		Release|Any CPU = Release|Any CPU
	EndGlobalSection
	GlobalSection(ProjectConfigurationPlatforms) = postSolution
		{20AF84D2-18C8-4FF3-A3C7-C2DB39DA0301}.Debug|Any CPU.ActiveCfg = Debug|Any CPU
		{20AF84D2-18C8-4FF3-A3C7-C2DB39DA0301}.Debug|Any CPU.Build.0 = Debug|Any CPU
		{20AF84D2-18C8-4FF3-A3C7-C2DB39DA0301}.Release|Any CPU.ActiveCfg = Release|Any CPU
		{20AF84D2-18C8-4FF3-A3C7-C2DB39DA0301}.Release|Any CPU.Build.0 = Release|Any CPU
	EndGlobalSection
	GlobalSection(SolutionProperties) = preSolution
		HideSolutionNode = FALSE
	EndGlobalSection
	GlobalSection(ExtensibilityGlobals) = postSolution
		SolutionGuid = {B33AC224-22E6-4706-8139-1F3788698BB3}
	EndGlobalSection
EndGlobal
